# THIS IS AN AUTOGENERATED FILE. DO NOT EDIT THIS FILE DIRECTLY.
# yarn lockfile v1


"@napi-rs/cli@^2.18.4":
  version "2.18.4"
  resolved "https://registry.yarnpkg.com/@napi-rs/cli/-/cli-2.18.4.tgz#12bebfb7995902fa7ab43cc0b155a7f5a2caa873"
  integrity sha512-SgJeA4df9DE2iAEpr3M2H0OKl/yjtg1BnRI5/JyowS71tUWhrfSu2LT0V3vlHET+g1hBVlrO60PmEXwUEKp8Mg==

local-translate-addon-darwin-arm64@1.0.1:
  version "1.0.1"
  resolved "https://registry.yarnpkg.com/local-translate-addon-darwin-arm64/-/local-translate-addon-darwin-arm64-1.0.1.tgz#2e5e61eaa0e303f591ea3187a4efb19fdbca86a3"
  integrity sha512-Wu7+pYplPUtJCyCXlTEDq9D2lqqw1QMDtJLXa+p4C4p/jQQSPwEjIXlAr5xuJ+HMu7qDWLyi6G9x9pc17FfqTg==

local-translate-addon-darwin-universal@1.0.1:
  version "1.0.1"
  resolved "https://registry.yarnpkg.com/local-translate-addon-darwin-universal/-/local-translate-addon-darwin-universal-1.0.1.tgz#3710bc3fae37c5f0154837cddeb8377029cf7743"
  integrity sha512-1030rbCnMHOKdcK1y4kYT/9G93yk1R1CTXGCc5Vuj6ogWXhV5WWo0Denit0DTgUQYeyZfY8zM0jflXScQKhxuA==

local-translate-addon-darwin-x64@1.0.1:
  version "1.0.1"
  resolved "https://registry.yarnpkg.com/local-translate-addon-darwin-x64/-/local-translate-addon-darwin-x64-1.0.1.tgz#632495c90c9e263538cf162c58f06586c2737f1d"
  integrity sha512-M3Nt1zFCHGAOTA6zRERxX9+nYo1vB6vSGdIaJzB87xXXCOcqqqq0dZ34hoGV8w3LiW4TF7vLhLUTUNfU9M2+jg==
